
Microsoft Visual Studio Solution File, Format Version 12.00
# Visual Studio Version 16
VisualStudioVersion = 16.0.29806.167
MinimumVisualStudioVersion = 10.0.40219.1
Project("{FAE04EC0-301F-11D3-BF4B-00C04F79EFBC}") = "PracticalTestMVC", "PracticalTestMVC\PracticalTestMVC.csproj", "{4EE2803F-A174-4659-AA11-754AEF826AAF}"
EndProject
Global
	GlobalSection(SolutionConfigurationPlatforms) = preSolution
		Debug|Any CPU = Debug|Any CPU
		Release|Any CPU = Release|Any CPU
	EndGlobalSection
	GlobalSection(ProjectConfigurationPlatforms) = postSolution
		{4EE2803F-A174-4659-AA11-754AEF826AAF}.Debug|Any CPU.ActiveCfg = Debug|Any CPU
		{4EE2803F-A174-4659-AA11-754AEF826AAF}.Debug|Any CPU.Build.0 = Debug|Any CPU
		{4EE2803F-A174-4659-AA11-754AEF826AAF}.Release|Any CPU.ActiveCfg = Release|Any CPU
		{4EE2803F-A174-4659-AA11-754AEF826AAF}.Release|Any CPU.Build.0 = Release|Any CPU
	EndGlobalSection
	GlobalSection(SolutionProperties) = preSolution
		HideSolutionNode = FALSE
	EndGlobalSection
	GlobalSection(ExtensibilityGlobals) = postSolution
		SolutionGuid = {FCFD9CDE-5FE3-4C09-90F7-0DBB96E34E1E}
	EndGlobalSection
EndGlobal
